<?xml version="1.0" encoding="utf-8"?>
<Project ToolsVersion="4.0" xmlns="http://schemas.microsoft.com/developer/msbuild/2003">
  <ItemGroup>
    <Filter Include="system">
      <UniqueIdentifier>{22dd8095-74f9-46df-81a1-36675a040b1f}</UniqueIdentifier>
    </Filter>
    <Filter Include="Other">
      <UniqueIdentifier>{bc61c195-f1dc-4839-bad4-e6db884861fc}</UniqueIdentifier>
    </Filter>
  </ItemGroup>
  <ItemGroup>
    <ClCompile Include="system\system.cpp">
      <Filter>system</Filter>
    </ClCompile>
    <ClCompile Include="Background.cpp">
      <Filter>Other</Filter>
    </ClCompile>
    <ClCompile Include="Enemy.cpp">
      <Filter>Other</Filter>
    </ClCompile>
    <ClCompile Include="GameCamera.cpp">
      <Filter>Other</Filter>
    </ClCompile>
    <ClCompile Include="main.cpp">
      <Filter>Other</Filter>
    </ClCompile>
    <ClCompile Include="Player.cpp">
      <Filter>Other</Filter>
    </ClCompile>
    <ClCompile Include="stdafx.cpp">
      <Filter>Other</Filter>
    </ClCompile>
    <ClCompile Include="HandsOn.cpp" />
  </ItemGroup>
  <ItemGroup>
    <ClInclude Include="system\system.h">
      <Filter>system</Filter>
    </ClInclude>
    <ClInclude Include="Background.h">
      <Filter>Other</Filter>
    </ClInclude>
    <ClInclude Include="Enemy.h">
      <Filter>Other</Filter>
    </ClInclude>
    <ClInclude Include="GameCamera.h">
      <Filter>Other</Filter>
    </ClInclude>
    <ClInclude Include="Player.h">
      <Filter>Other</Filter>
    </ClInclude>
    <ClInclude Include="resource.h">
      <Filter>Other</Filter>
    </ClInclude>
    <ClInclude Include="stdafx.h">
      <Filter>Other</Filter>
    </ClInclude>
  </ItemGroup>
  <ItemGroup>
    <ResourceCompile Include="Game.rc">
      <Filter>Other</Filter>
    </ResourceCompile>
  </ItemGroup>
</Project>